model_train:
  cmd: python src/models/train_model.py
  deps:
  - path: src/models/dataframe_test.csv
    md5: 8d41d98422eeb3e686f0929d447fdbad
  - path: src/models/train_model.py
    md5: e78f90f18ce822cb14b796ee455dba34
deploy_model:
  cmd: python app.py
  deps:
  - path: models/model_rf.sav
    md5: 2484cc69a0f90aa75ee64ec9fdcdf578
  - path: models/scaler.sav
    md5: 47c06d6134c897b3c70a99fbec5950ad
  - path: static
    md5: 9352669c405c098bea075df0b170294b.dir
  - path: templates/index.html
    md5: fc7d6ae5a94d6820a367b0c3df3595c8
